// !$*UTF8*$!
{
	archiveVersion = 1;
	classes = {
	};
	objectVersion = 46;
	objects = {

/* Begin PBXBuildFile section */
		107777711E1D3654004E3115 /* AppDelegate.swift in Sources */ = {isa = PBXBuildFile; fileRef = 107777701E1D3654004E3115 /* AppDelegate.swift */; };
		107777731E1D3654004E3115 /* RepositorySearchViewController.swift in Sources */ = {isa = PBXBuildFile; fileRef = 107777721E1D3654004E3115 /* RepositorySearchViewController.swift */; };
		107777761E1D3654004E3115 /* Main.storyboard in Resources */ = {isa = PBXBuildFile; fileRef = 107777741E1D3654004E3115 /* Main.storyboard */; };
		107777781E1D3654004E3115 /* Assets.xcassets in Resources */ = {isa = PBXBuildFile; fileRef = 107777771E1D3654004E3115 /* Assets.xcassets */; };
		1077777B1E1D3654004E3115 /* LaunchScreen.storyboard in Resources */ = {isa = PBXBuildFile; fileRef = 107777791E1D3654004E3115 /* LaunchScreen.storyboard */; };
/* End PBXBuildFile section */

/* Begin PBXFileReference section */
		1077776D1E1D3654004E3115 /* ios-clean-architecture-sample.app */ = {isa = PBXFileReference; explicitFileType = wrapper.application; includeInIndex = 0; path = "ios-clean-architecture-sample.app"; sourceTree = BUILT_PRODUCTS_DIR; };
		107777701E1D3654004E3115 /* AppDelegate.swift */ = {isa = PBXFileReference; lastKnownFileType = sourcecode.swift; path = AppDelegate.swift; sourceTree = "<group>"; };
		107777721E1D3654004E3115 /* RepositorySearchViewController.swift */ = {isa = PBXFileReference; lastKnownFileType = sourcecode.swift; path = RepositorySearchViewController.swift; sourceTree = "<group>"; };
		107777751E1D3654004E3115 /* Base */ = {isa = PBXFileReference; lastKnownFileType = file.storyboard; name = Base; path = Base.lproj/Main.storyboard; sourceTree = "<group>"; };
		107777771E1D3654004E3115 /* Assets.xcassets */ = {isa = PBXFileReference; lastKnownFileType = folder.assetcatalog; path = Assets.xcassets; sourceTree = "<group>"; };
		1077777A1E1D3654004E3115 /* Base */ = {isa = PBXFileReference; lastKnownFileType = file.storyboard; name = Base; path = Base.lproj/LaunchScreen.storyboard; sourceTree = "<group>"; };
		1077777C1E1D3654004E3115 /* Info.plist */ = {isa = PBXFileReference; lastKnownFileType = text.plist.xml; path = Info.plist; sourceTree = "<group>"; };
/* End PBXFileReference section */

/* Begin PBXFrameworksBuildPhase section */
		1077776A1E1D3654004E3115 /* Frameworks */ = {
			isa = PBXFrameworksBuildPhase;
			buildActionMask = 2147483647;
			files = (
			);
			runOnlyForDeploymentPostprocessing = 0;
		};
/* End PBXFrameworksBuildPhase section */

/* Begin PBXGroup section */
		107777641E1D3654004E3115 = {
			isa = PBXGroup;
			children = (
				1077776F1E1D3654004E3115 /* ios-clean-architecture-sample */,
				1077776E1E1D3654004E3115 /* Products */,
			);
			sourceTree = "<group>";
		};
		1077776E1E1D3654004E3115 /* Products */ = {
			isa = PBXGroup;
			children = (
				1077776D1E1D3654004E3115 /* ios-clean-architecture-sample.app */,
			);
			name = Products;
			sourceTree = "<group>";
		};
		1077776F1E1D3654004E3115 /* ios-clean-architecture-sample */ = {
			isa = PBXGroup;
			children = (
				107777701E1D3654004E3115 /* AppDelegate.swift */,
				107777821E1D392A004E3115 /* Application */,
				107777831E1D3944004E3115 /* Presentation */,
				107777841E1D394C004E3115 /* Domain */,
				107777851E1D3952004E3115 /* Data */,
				107777861E1D3956004E3115 /* Util */,
				107777741E1D3654004E3115 /* Main.storyboard */,
				107777771E1D3654004E3115 /* Assets.xcassets */,
				107777791E1D3654004E3115 /* LaunchScreen.storyboard */,
				1077777C1E1D3654004E3115 /* Info.plist */,
			);
			path = "ios-clean-architecture-sample";
			sourceTree = "<group>";
		};
		107777821E1D392A004E3115 /* Application */ = {
			isa = PBXGroup;
			children = (
				107777881E1D3993004E3115 /* Builder */,
				107777871E1D398E004E3115 /* Wireframe */,
			);
			name = Application;
			sourceTree = "<group>";
		};
		107777831E1D3944004E3115 /* Presentation */ = {
			isa = PBXGroup;
			children = (
				1077778A1E1D39A0004E3115 /* Presenter */,
				107777891E1D399C004E3115 /* UI */,
			);
			name = Presentation;
			sourceTree = "<group>";
		};
		107777841E1D394C004E3115 /* Domain */ = {
			isa = PBXGroup;
			children = (
				107777911E1D39E2004E3115 /* Model */,
				1077778F1E1D39D7004E3115 /* UseCase */,
				1077778E1E1D39D0004E3115 /* Repository */,
			);
			name = Domain;
			sourceTree = "<group>";
		};
		107777851E1D3952004E3115 /* Data */ = {
			isa = PBXGroup;
			children = (
				107777941E1D39FA004E3115 /* Network */,
				107777931E1D39F5004E3115 /* DataStore */,
				107777921E1D39EB004E3115 /* Entity */,
			);
			name = Data;
			sourceTree = "<group>";
		};
		107777861E1D3956004E3115 /* Util */ = {
			isa = PBXGroup;
			children = (
			);
			name = Util;
			sourceTree = "<group>";
		};
		107777871E1D398E004E3115 /* Wireframe */ = {
			isa = PBXGroup;
			children = (
			);
			name = Wireframe;
			sourceTree = "<group>";
		};
		107777881E1D3993004E3115 /* Builder */ = {
			isa = PBXGroup;
			children = (
			);
			name = Builder;
			sourceTree = "<group>";
		};
		107777891E1D399C004E3115 /* UI */ = {
			isa = PBXGroup;
			children = (
				1077778D1E1D39C2004E3115 /* View */,
				1077778C1E1D39BE004E3115 /* Cell */,
				1077778B1E1D39B7004E3115 /* ViewController */,
			);
			name = UI;
			sourceTree = "<group>";
		};
		1077778A1E1D39A0004E3115 /* Presenter */ = {
			isa = PBXGroup;
			children = (
			);
			name = Presenter;
			sourceTree = "<group>";
		};
		1077778B1E1D39B7004E3115 /* ViewController */ = {
			isa = PBXGroup;
			children = (
				107777721E1D3654004E3115 /* RepositorySearchViewController.swift */,
			);
			name = ViewController;
			sourceTree = "<group>";
		};
		1077778C1E1D39BE004E3115 /* Cell */ = {
			isa = PBXGroup;
			children = (
			);
			name = Cell;
			sourceTree = "<group>";
		};
		1077778D1E1D39C2004E3115 /* View */ = {
			isa = PBXGroup;
			children = (
			);
			name = View;
			sourceTree = "<group>";
		};
		1077778E1E1D39D0004E3115 /* Repository */ = {
			isa = PBXGroup;
			children = (
			);
			name = Repository;
			sourceTree = "<group>";
		};
		1077778F1E1D39D7004E3115 /* UseCase */ = {
			isa = PBXGroup;
			children = (
				107777901E1D39DD004E3115 /* Translater */,
			);
			name = UseCase;
			sourceTree = "<group>";
		};
		107777901E1D39DD004E3115 /* Translater */ = {
			isa = PBXGroup;
			children = (
			);
			name = Translater;
			sourceTree = "<group>";
		};
		107777911E1D39E2004E3115 /* Model */ = {
			isa = PBXGroup;
			children = (
			);
			name = Model;
			sourceTree = "<group>";
		};
		107777921E1D39EB004E3115 /* Entity */ = {
			isa = PBXGroup;
			children = (
			);
			name = Entity;
			sourceTree = "<group>";
		};
		107777931E1D39F5004E3115 /* DataStore */ = {
			isa = PBXGroup;
			children = (
			);
			name = DataStore;
			sourceTree = "<group>";
		};
		107777941E1D39FA004E3115 /* Network */ = {
			isa = PBXGroup;
			children = (
			);
			name = Network;
			sourceTree = "<group>";
		};
/* End PBXGroup section */

/* Begin PBXNativeTarget section */
		1077776C1E1D3654004E3115 /* ios-clean-architecture-sample */ = {
			isa = PBXNativeTarget;
			buildConfigurationList = 1077777F1E1D3654004E3115 /* Build configuration list for PBXNativeTarget "ios-clean-architecture-sample" */;
			buildPhases = (
				107777691E1D3654004E3115 /* Sources */,
				1077776A1E1D3654004E3115 /* Frameworks */,
				1077776B1E1D3654004E3115 /* Resources */,
			);
			buildRules = (
			);
			dependencies = (
			);
			name = "ios-clean-architecture-sample";
			productName = "ios-clean-architecture-sample";
			productReference = 1077776D1E1D3654004E3115 /* ios-clean-architecture-sample.app */;
			productType = "com.apple.product-type.application";
		};
/* End PBXNativeTarget section */

/* Begin PBXProject section */
		107777651E1D3654004E3115 /* Project object */ = {
			isa = PBXProject;
			attributes = {
				LastSwiftUpdateCheck = 0810;
				LastUpgradeCheck = 0810;
				ORGANIZATIONNAME = KAGE;
				TargetAttributes = {
					1077776C1E1D3654004E3115 = {
						CreatedOnToolsVersion = 8.1;
						ProvisioningStyle = Automatic;
					};
				};
			};
			buildConfigurationList = 107777681E1D3654004E3115 /* Build configuration list for PBXProject "ios-clean-architecture-sample" */;
			compatibilityVersion = "Xcode 3.2";
			developmentRegion = English;
			hasScannedForEncodings = 0;
			knownRegions = (
				en,
				Base,
			);
			mainGroup = 107777641E1D3654004E3115;
			productRefGroup = 1077776E1E1D3654004E3115 /* Products */;
			projectDirPath = "";
			projectRoot = "";
			targets = (
				1077776C1E1D3654004E3115 /* ios-clean-architecture-sample */,
			);
		};
/* End PBXProject section */

/* Begin PBXResourcesBuildPhase section */
		1077776B1E1D3654004E3115 /* Resources */ = {
			isa = PBXResourcesBuildPhase;
			buildActionMask = 2147483647;
			files = (
				1077777B1E1D3654004E3115 /* LaunchScreen.storyboard in Resources */,
				107777781E1D3654004E3115 /* Assets.xcassets in Resources */,
				107777761E1D3654004E3115 /* Main.storyboard in Resources */,
			);
			runOnlyForDeploymentPostprocessing = 0;
		};
/* End PBXResourcesBuildPhase section */

/* Begin PBXSourcesBuildPhase section */
		107777691E1D3654004E3115 /* Sources */ = {
			isa = PBXSourcesBuildPhase;
			buildActionMask = 2147483647;
			files = (
				107777731E1D3654004E3115 /* RepositorySearchViewController.swift in Sources */,
				107777711E1D3654004E3115 /* AppDelegate.swift in Sources */,
			);
			runOnlyForDeploymentPostprocessing = 0;
		};
/* End PBXSourcesBuildPhase section */

/* Begin PBXVariantGroup section */
		107777741E1D3654004E3115 /* Main.storyboard */ = {
			isa = PBXVariantGroup;
			children = (
				107777751E1D3654004E3115 /* Base */,
			);
			name = Main.storyboard;
			sourceTree = "<group>";
		};
		107777791E1D3654004E3115 /* LaunchScreen.storyboard */ = {
			isa = PBXVariantGroup;
			children = (
				1077777A1E1D3654004E3115 /* Base */,
			);
			name = LaunchScreen.storyboard;
			sourceTree = "<group>";
		};
/* End PBXVariantGroup section */

/* Begin XCBuildConfiguration section */
		1077777D1E1D3654004E3115 /* Debug */ = {
			isa = XCBuildConfiguration;
			buildSettings = {
				ALWAYS_SEARCH_USER_PATHS = NO;
				CLANG_ANALYZER_NONNULL = YES;
				CLANG_CXX_LANGUAGE_STANDARD = "gnu++0x";
				CLANG_CXX_LIBRARY = "libc++";
				CLANG_ENABLE_MODULES = YES;
				CLANG_ENABLE_OBJC_ARC = YES;
				CLANG_WARN_BOOL_CONVERSION = YES;
				CLANG_WARN_CONSTANT_CONVERSION = YES;
				CLANG_WARN_DIRECT_OBJC_ISA_USAGE = YES_ERROR;
				CLANG_WARN_DOCUMENTATION_COMMENTS = YES;
				CLANG_WARN_EMPTY_BODY = YES;
				CLANG_WARN_ENUM_CONVERSION = YES;
				CLANG_WARN_INFINITE_RECURSION = YES;
				CLANG_WARN_INT_CONVERSION = YES;
				CLANG_WARN_OBJC_ROOT_CLASS = YES_ERROR;
				CLANG_WARN_SUSPICIOUS_MOVES = YES;
				CLANG_WARN_UNREACHABLE_CODE = YES;
				CLANG_WARN__DUPLICATE_METHOD_MATCH = YES;
				"CODE_SIGN_IDENTITY[sdk=iphoneos*]" = "iPhone Developer";
				COPY_PHASE_STRIP = NO;
				DEBUG_INFORMATION_FORMAT = dwarf;
				ENABLE_STRICT_OBJC_MSGSEND = YES;
				ENABLE_TESTABILITY = YES;
				GCC_C_LANGUAGE_STANDARD = gnu99;
				GCC_DYNAMIC_NO_PIC = NO;
				GCC_NO_COMMON_BLOCKS = YES;
				GCC_OPTIMIZATION_LEVEL = 0;
				GCC_PREPROCESSOR_DEFINITIONS = (
					"DEBUG=1",
					"$(inherited)",
				);
				GCC_WARN_64_TO_32_BIT_CONVERSION = YES;
				GCC_WARN_ABOUT_RETURN_TYPE = YES_ERROR;
				GCC_WARN_UNDECLARED_SELECTOR = YES;
				GCC_WARN_UNINITIALIZED_AUTOS = YES_AGGRESSIVE;
				GCC_WARN_UNUSED_FUNCTION = YES;
				GCC_WARN_UNUSED_VARIABLE = YES;
				IPHONEOS_DEPLOYMENT_TARGET = 10.1;
				MTL_ENABLE_DEBUG_INFO = YES;
				ONLY_ACTIVE_ARCH = YES;
				SDKROOT = iphoneos;
				SWIFT_ACTIVE_COMPILATION_CONDITIONS = DEBUG;
				SWIFT_OPTIMIZATION_LEVEL = "-Onone";
			};
			name = Debug;
		};
		1077777E1E1D3654004E3115 /* Release */ = {
			isa = XCBuildConfiguration;
			buildSettings = {
				ALWAYS_SEARCH_USER_PATHS = NO;
				CLANG_ANALYZER_NONNULL = YES;
				CLANG_CXX_LANGUAGE_STANDARD = "gnu++0x";
				CLANG_CXX_LIBRARY = "libc++";
				CLANG_ENABLE_MODULES = YES;
				CLANG_ENABLE_OBJC_ARC = YES;
				CLANG_WARN_BOOL_CONVERSION = YES;
				CLANG_WARN_CONSTANT_CONVERSION = YES;
				CLANG_WARN_DIRECT_OBJC_ISA_USAGE = YES_ERROR;
				CLANG_WARN_DOCUMENTATION_COMMENTS = YES;
				CLANG_WARN_EMPTY_BODY = YES;
				CLANG_WARN_ENUM_CONVERSION = YES;
				CLANG_WARN_INFINITE_RECURSION = YES;
				CLANG_WARN_INT_CONVERSION = YES;
				CLANG_WARN_OBJC_ROOT_CLASS = YES_ERROR;
				CLANG_WARN_SUSPICIOUS_MOVES = YES;
				CLANG_WARN_UNREACHABLE_CODE = YES;
				CLANG_WARN__DUPLICATE_METHOD_MATCH = YES;
				"CODE_SIGN_IDENTITY[sdk=iphoneos*]" = "iPhone Developer";
				COPY_PHASE_STRIP = NO;
				DEBUG_INFORMATION_FORMAT = "dwarf-with-dsym";
				ENABLE_NS_ASSERTIONS = NO;
				ENABLE_STRICT_OBJC_MSGSEND = YES;
				GCC_C_LANGUAGE_STANDARD = gnu99;
				GCC_NO_COMMON_BLOCKS = YES;
				GCC_WARN_64_TO_32_BIT_CONVERSION = YES;
				GCC_WARN_ABOUT_RETURN_TYPE = YES_ERROR;
				GCC_WARN_UNDECLARED_SELECTOR = YES;
				GCC_WARN_UNINITIALIZED_AUTOS = YES_AGGRESSIVE;
				GCC_WARN_UNUSED_FUNCTION = YES;
				GCC_WARN_UNUSED_VARIABLE = YES;
				IPHONEOS_DEPLOYMENT_TARGET = 10.1;
				MTL_ENABLE_DEBUG_INFO = NO;
				SDKROOT = iphoneos;
				SWIFT_OPTIMIZATION_LEVEL = "-Owholemodule";
				VALIDATE_PRODUCT = YES;
			};
			name = Release;
		};
		107777801E1D3654004E3115 /* Debug */ = {
			isa = XCBuildConfiguration;
			buildSettings = {
				ASSETCATALOG_COMPILER_APPICON_NAME = AppIcon;
				INFOPLIST_FILE = "ios-clean-architecture-sample/Info.plist";
				LD_RUNPATH_SEARCH_PATHS = "$(inherited) @executable_path/Frameworks";
				PRODUCT_BUNDLE_IDENTIFIER = "com.kagemiku.ios-clean-architecture-sample";
				PRODUCT_NAME = "$(TARGET_NAME)";
				SWIFT_VERSION = 3.0;
			};
			name = Debug;
		};
		107777811E1D3654004E3115 /* Release */ = {
			isa = XCBuildConfiguration;
			buildSettings = {
				ASSETCATALOG_COMPILER_APPICON_NAME = AppIcon;
				INFOPLIST_FILE = "ios-clean-architecture-sample/Info.plist";
				LD_RUNPATH_SEARCH_PATHS = "$(inherited) @executable_path/Frameworks";
				PRODUCT_BUNDLE_IDENTIFIER = "com.kagemiku.ios-clean-architecture-sample";
				PRODUCT_NAME = "$(TARGET_NAME)";
				SWIFT_VERSION = 3.0;
			};
			name = Release;
		};
/* End XCBuildConfiguration section */

/* Begin XCConfigurationList section */
		107777681E1D3654004E3115 /* Build configuration list for PBXProject "ios-clean-architecture-sample" */ = {
			isa = XCConfigurationList;
			buildConfigurations = (
				1077777D1E1D3654004E3115 /* Debug */,
				1077777E1E1D3654004E3115 /* Release */,
			);
			defaultConfigurationIsVisible = 0;
			defaultConfigurationName = Release;
		};
		1077777F1E1D3654004E3115 /* Build configuration list for PBXNativeTarget "ios-clean-architecture-sample" */ = {
			isa = XCConfigurationList;
			buildConfigurations = (
				107777801E1D3654004E3115 /* Debug */,
				107777811E1D3654004E3115 /* Release */,
			);
			defaultConfigurationIsVisible = 0;
			defaultConfigurationName = Release;
		};
/* End XCConfigurationList section */
	};
	rootObject = 107777651E1D3654004E3115 /* Project object */;
}
