// !$*UTF8*$!
{
	archiveVersion = 1;
	classes = {
	};
	objectVersion = 46;
	objects = {

/* Begin PBXBuildFile section */
		101ED38D1E24BC1D00413B9E /* GitHubRepositoryDetailViewController.swift in Sources */ = {isa = PBXBuildFile; fileRef = 101ED38C1E24BC1D00413B9E /* GitHubRepositoryDetailViewController.swift */; };
		101ED3911E24BDD200413B9E /* GitHubRepositoryDetailViewControllerBuilder.swift in Sources */ = {isa = PBXBuildFile; fileRef = 101ED3901E24BDD200413B9E /* GitHubRepositoryDetailViewControllerBuilder.swift */; };
		101ED3931E24BE3D00413B9E /* GitHubRepositoryDetailHeaderView.swift in Sources */ = {isa = PBXBuildFile; fileRef = 101ED3921E24BE3D00413B9E /* GitHubRepositoryDetailHeaderView.swift */; };
		101ED3951E24BF6500413B9E /* GitHubRepositoryDetailHeaderLabelView.swift in Sources */ = {isa = PBXBuildFile; fileRef = 101ED3941E24BF6500413B9E /* GitHubRepositoryDetailHeaderLabelView.swift */; };
		105518651E21291300079648 /* GitHubRepositoryTableViewController.swift in Sources */ = {isa = PBXBuildFile; fileRef = 105518641E21291300079648 /* GitHubRepositoryTableViewController.swift */; };
		105518671E2129C300079648 /* GitHubRepositoryTableViewControllerBuilder.swift in Sources */ = {isa = PBXBuildFile; fileRef = 105518661E2129C300079648 /* GitHubRepositoryTableViewControllerBuilder.swift */; };
		105518691E21F7E000079648 /* GitHubRepositoriesModel.swift in Sources */ = {isa = PBXBuildFile; fileRef = 105518681E21F7E000079648 /* GitHubRepositoriesModel.swift */; };
		1055186D1E2211CE00079648 /* GitHubRepositoryPresenter.swift in Sources */ = {isa = PBXBuildFile; fileRef = 1055186C1E2211CE00079648 /* GitHubRepositoryPresenter.swift */; };
		105518731E2219AE00079648 /* GitHubRepositoryDataStore.swift in Sources */ = {isa = PBXBuildFile; fileRef = 105518721E2219AE00079648 /* GitHubRepositoryDataStore.swift */; };
		105518971E227C0100079648 /* GitHubRepositoryTableViewCell.swift in Sources */ = {isa = PBXBuildFile; fileRef = 105518961E227C0100079648 /* GitHubRepositoryTableViewCell.swift */; };
		105518991E227C1F00079648 /* GitHubRepositoryRepository.swift in Sources */ = {isa = PBXBuildFile; fileRef = 105518981E227C1F00079648 /* GitHubRepositoryRepository.swift */; };
		1055189B1E227C3A00079648 /* GitHubRepositoryEntity.swift in Sources */ = {isa = PBXBuildFile; fileRef = 1055189A1E227C3A00079648 /* GitHubRepositoryEntity.swift */; };
		1055189F1E227DC200079648 /* GitHubRepositoryUseCase.swift in Sources */ = {isa = PBXBuildFile; fileRef = 1055189E1E227DC200079648 /* GitHubRepositoryUseCase.swift */; };
		105518A11E227E4A00079648 /* GitHubRepositoryTranslator.swift in Sources */ = {isa = PBXBuildFile; fileRef = 105518A01E227E4A00079648 /* GitHubRepositoryTranslator.swift */; };
		105518A71E23615000079648 /* Alamofire.framework in Frameworks */ = {isa = PBXBuildFile; fileRef = 105518A31E235FFC00079648 /* Alamofire.framework */; };
		105518A81E23615000079648 /* SwiftyJSON.framework in Frameworks */ = {isa = PBXBuildFile; fileRef = 105518A41E235FFC00079648 /* SwiftyJSON.framework */; };
		105518AB1E2388E600079648 /* GitHubAPIClient.swift in Sources */ = {isa = PBXBuildFile; fileRef = 105518AA1E2388E600079648 /* GitHubAPIClient.swift */; };
		107777711E1D3654004E3115 /* AppDelegate.swift in Sources */ = {isa = PBXBuildFile; fileRef = 107777701E1D3654004E3115 /* AppDelegate.swift */; };
		107777781E1D3654004E3115 /* Assets.xcassets in Resources */ = {isa = PBXBuildFile; fileRef = 107777771E1D3654004E3115 /* Assets.xcassets */; };
		1077777B1E1D3654004E3115 /* LaunchScreen.storyboard in Resources */ = {isa = PBXBuildFile; fileRef = 107777791E1D3654004E3115 /* LaunchScreen.storyboard */; };
		1093DEAB1E2BA70000DD806B /* GitHubRepositoryDetailViewCell.swift in Sources */ = {isa = PBXBuildFile; fileRef = 1093DEAA1E2BA70000DD806B /* GitHubRepositoryDetailViewCell.swift */; };
		10B580EF1E27479100C328E9 /* GitHubRepositoryWireframe.swift in Sources */ = {isa = PBXBuildFile; fileRef = 10B580EE1E27479100C328E9 /* GitHubRepositoryWireframe.swift */; };
		10CF39131E2BAA8600B6E869 /* GitHubRepositoryDetailUseCase.swift in Sources */ = {isa = PBXBuildFile; fileRef = 10CF39121E2BAA8600B6E869 /* GitHubRepositoryDetailUseCase.swift */; };
		10CF39151E2BAB4600B6E869 /* GitHubRepositoryDetailRepository.swift in Sources */ = {isa = PBXBuildFile; fileRef = 10CF39141E2BAB4600B6E869 /* GitHubRepositoryDetailRepository.swift */; };
		10CF39171E2BABFE00B6E869 /* GitHubRepositoryDetailDataStore.swift in Sources */ = {isa = PBXBuildFile; fileRef = 10CF39161E2BABFE00B6E869 /* GitHubRepositoryDetailDataStore.swift */; };
		10CF39191E2BACBA00B6E869 /* GitHubRepositoryDetailPresenter.swift in Sources */ = {isa = PBXBuildFile; fileRef = 10CF39181E2BACBA00B6E869 /* GitHubRepositoryDetailPresenter.swift */; };
		10CF391B1E2BAF3200B6E869 /* GitHubRepositoryDetailModel.swift in Sources */ = {isa = PBXBuildFile; fileRef = 10CF391A1E2BAF3200B6E869 /* GitHubRepositoryDetailModel.swift */; };
		10CF391D1E2BB1A200B6E869 /* CollectionExtension.swift in Sources */ = {isa = PBXBuildFile; fileRef = 10CF391C1E2BB1A200B6E869 /* CollectionExtension.swift */; };
		10CF391F1E2BCB4C00B6E869 /* Translator.swift in Sources */ = {isa = PBXBuildFile; fileRef = 10CF391E1E2BCB4C00B6E869 /* Translator.swift */; };
		10FF904E1E23BC9B0007F8D9 /* ObjectMapper.framework in Frameworks */ = {isa = PBXBuildFile; fileRef = 10FF904C1E23BC9B0007F8D9 /* ObjectMapper.framework */; };
		10FF90521E2672A00007F8D9 /* UIColorExtension.swift in Sources */ = {isa = PBXBuildFile; fileRef = 10FF90511E2672A00007F8D9 /* UIColorExtension.swift */; };
		10FF90541E29D3330007F8D9 /* ViewControllerBuilder.swift in Sources */ = {isa = PBXBuildFile; fileRef = 10FF90531E29D3330007F8D9 /* ViewControllerBuilder.swift */; };
		10FF90561E29D5010007F8D9 /* Wireframe.swift in Sources */ = {isa = PBXBuildFile; fileRef = 10FF90551E29D5010007F8D9 /* Wireframe.swift */; };
/* End PBXBuildFile section */

/* Begin PBXFileReference section */
		101ED38C1E24BC1D00413B9E /* GitHubRepositoryDetailViewController.swift */ = {isa = PBXFileReference; fileEncoding = 4; lastKnownFileType = sourcecode.swift; name = GitHubRepositoryDetailViewController.swift; path = Presentation/UI/ViewController/GitHubRepositoryDetailViewController.swift; sourceTree = "<group>"; };
		101ED3901E24BDD200413B9E /* GitHubRepositoryDetailViewControllerBuilder.swift */ = {isa = PBXFileReference; fileEncoding = 4; lastKnownFileType = sourcecode.swift; name = GitHubRepositoryDetailViewControllerBuilder.swift; path = Application/Builder/GitHubRepositoryDetailViewControllerBuilder.swift; sourceTree = "<group>"; };
		101ED3921E24BE3D00413B9E /* GitHubRepositoryDetailHeaderView.swift */ = {isa = PBXFileReference; fileEncoding = 4; lastKnownFileType = sourcecode.swift; name = GitHubRepositoryDetailHeaderView.swift; path = Presentation/UI/View/GitHubRepositoryDetailHeaderView.swift; sourceTree = "<group>"; };
		101ED3941E24BF6500413B9E /* GitHubRepositoryDetailHeaderLabelView.swift */ = {isa = PBXFileReference; fileEncoding = 4; lastKnownFileType = sourcecode.swift; name = GitHubRepositoryDetailHeaderLabelView.swift; path = Presentation/UI/View/GitHubRepositoryDetailHeaderLabelView.swift; sourceTree = "<group>"; };
		105518641E21291300079648 /* GitHubRepositoryTableViewController.swift */ = {isa = PBXFileReference; fileEncoding = 4; lastKnownFileType = sourcecode.swift; name = GitHubRepositoryTableViewController.swift; path = Presentation/UI/ViewController/GitHubRepositoryTableViewController.swift; sourceTree = "<group>"; };
		105518661E2129C300079648 /* GitHubRepositoryTableViewControllerBuilder.swift */ = {isa = PBXFileReference; fileEncoding = 4; lastKnownFileType = sourcecode.swift; name = GitHubRepositoryTableViewControllerBuilder.swift; path = Application/Builder/GitHubRepositoryTableViewControllerBuilder.swift; sourceTree = "<group>"; };
		105518681E21F7E000079648 /* GitHubRepositoriesModel.swift */ = {isa = PBXFileReference; fileEncoding = 4; lastKnownFileType = sourcecode.swift; lineEnding = 0; name = GitHubRepositoriesModel.swift; path = Domain/Model/GitHubRepositoriesModel.swift; sourceTree = "<group>"; xcLanguageSpecificationIdentifier = xcode.lang.swift; };
		1055186C1E2211CE00079648 /* GitHubRepositoryPresenter.swift */ = {isa = PBXFileReference; fileEncoding = 4; lastKnownFileType = sourcecode.swift; lineEnding = 0; name = GitHubRepositoryPresenter.swift; path = Presentation/Presenter/GitHubRepositoryPresenter.swift; sourceTree = "<group>"; xcLanguageSpecificationIdentifier = xcode.lang.swift; };
		105518721E2219AE00079648 /* GitHubRepositoryDataStore.swift */ = {isa = PBXFileReference; fileEncoding = 4; lastKnownFileType = sourcecode.swift; lineEnding = 0; name = GitHubRepositoryDataStore.swift; path = Data/DataStore/GitHubRepositoryDataStore.swift; sourceTree = "<group>"; xcLanguageSpecificationIdentifier = xcode.lang.swift; };
		105518961E227C0100079648 /* GitHubRepositoryTableViewCell.swift */ = {isa = PBXFileReference; fileEncoding = 4; lastKnownFileType = sourcecode.swift; name = GitHubRepositoryTableViewCell.swift; path = Presentation/UI/View/Cell/GitHubRepositoryTableViewCell.swift; sourceTree = "<group>"; };
		105518981E227C1F00079648 /* GitHubRepositoryRepository.swift */ = {isa = PBXFileReference; fileEncoding = 4; lastKnownFileType = sourcecode.swift; name = GitHubRepositoryRepository.swift; path = Data/Repository/GitHubRepositoryRepository.swift; sourceTree = "<group>"; };
		1055189A1E227C3A00079648 /* GitHubRepositoryEntity.swift */ = {isa = PBXFileReference; fileEncoding = 4; lastKnownFileType = sourcecode.swift; name = GitHubRepositoryEntity.swift; path = Domain/Entity/GitHubRepositoryEntity.swift; sourceTree = "<group>"; };
		1055189E1E227DC200079648 /* GitHubRepositoryUseCase.swift */ = {isa = PBXFileReference; fileEncoding = 4; lastKnownFileType = sourcecode.swift; name = GitHubRepositoryUseCase.swift; path = Domain/UseCase/GitHubRepositoryUseCase.swift; sourceTree = "<group>"; };
		105518A01E227E4A00079648 /* GitHubRepositoryTranslator.swift */ = {isa = PBXFileReference; fileEncoding = 4; lastKnownFileType = sourcecode.swift; name = GitHubRepositoryTranslator.swift; path = Domain/Translator/GitHubRepositoryTranslator.swift; sourceTree = "<group>"; };
		105518A31E235FFC00079648 /* Alamofire.framework */ = {isa = PBXFileReference; lastKnownFileType = wrapper.framework; name = Alamofire.framework; path = Carthage/Build/iOS/Alamofire.framework; sourceTree = "<group>"; };
		105518A41E235FFC00079648 /* SwiftyJSON.framework */ = {isa = PBXFileReference; lastKnownFileType = wrapper.framework; name = SwiftyJSON.framework; path = Carthage/Build/iOS/SwiftyJSON.framework; sourceTree = "<group>"; };
		105518AA1E2388E600079648 /* GitHubAPIClient.swift */ = {isa = PBXFileReference; fileEncoding = 4; lastKnownFileType = sourcecode.swift; name = GitHubAPIClient.swift; path = Data/Network/GitHubAPIClient.swift; sourceTree = "<group>"; };
		1077776D1E1D3654004E3115 /* ios-clean-architecture-sample.app */ = {isa = PBXFileReference; explicitFileType = wrapper.application; includeInIndex = 0; path = "ios-clean-architecture-sample.app"; sourceTree = BUILT_PRODUCTS_DIR; };
		107777701E1D3654004E3115 /* AppDelegate.swift */ = {isa = PBXFileReference; lastKnownFileType = sourcecode.swift; lineEnding = 0; path = AppDelegate.swift; sourceTree = "<group>"; xcLanguageSpecificationIdentifier = xcode.lang.swift; };
		107777771E1D3654004E3115 /* Assets.xcassets */ = {isa = PBXFileReference; lastKnownFileType = folder.assetcatalog; path = Assets.xcassets; sourceTree = "<group>"; };
		1077777A1E1D3654004E3115 /* Base */ = {isa = PBXFileReference; lastKnownFileType = file.storyboard; name = Base; path = Base.lproj/LaunchScreen.storyboard; sourceTree = "<group>"; };
		1077777C1E1D3654004E3115 /* Info.plist */ = {isa = PBXFileReference; lastKnownFileType = text.plist.xml; path = Info.plist; sourceTree = "<group>"; };
		1093DEAA1E2BA70000DD806B /* GitHubRepositoryDetailViewCell.swift */ = {isa = PBXFileReference; fileEncoding = 4; lastKnownFileType = sourcecode.swift; name = GitHubRepositoryDetailViewCell.swift; path = Presentation/UI/View/Cell/GitHubRepositoryDetailViewCell.swift; sourceTree = "<group>"; };
		10B580EE1E27479100C328E9 /* GitHubRepositoryWireframe.swift */ = {isa = PBXFileReference; fileEncoding = 4; lastKnownFileType = sourcecode.swift; name = GitHubRepositoryWireframe.swift; path = Application/Wireframe/GitHubRepositoryWireframe.swift; sourceTree = "<group>"; };
		10CF39121E2BAA8600B6E869 /* GitHubRepositoryDetailUseCase.swift */ = {isa = PBXFileReference; fileEncoding = 4; lastKnownFileType = sourcecode.swift; name = GitHubRepositoryDetailUseCase.swift; path = Domain/UseCase/GitHubRepositoryDetailUseCase.swift; sourceTree = "<group>"; };
		10CF39141E2BAB4600B6E869 /* GitHubRepositoryDetailRepository.swift */ = {isa = PBXFileReference; fileEncoding = 4; lastKnownFileType = sourcecode.swift; name = GitHubRepositoryDetailRepository.swift; path = Data/Repository/GitHubRepositoryDetailRepository.swift; sourceTree = "<group>"; };
		10CF39161E2BABFE00B6E869 /* GitHubRepositoryDetailDataStore.swift */ = {isa = PBXFileReference; fileEncoding = 4; lastKnownFileType = sourcecode.swift; name = GitHubRepositoryDetailDataStore.swift; path = Data/DataStore/GitHubRepositoryDetailDataStore.swift; sourceTree = "<group>"; };
		10CF39181E2BACBA00B6E869 /* GitHubRepositoryDetailPresenter.swift */ = {isa = PBXFileReference; fileEncoding = 4; lastKnownFileType = sourcecode.swift; name = GitHubRepositoryDetailPresenter.swift; path = Presentation/Presenter/GitHubRepositoryDetailPresenter.swift; sourceTree = "<group>"; };
		10CF391A1E2BAF3200B6E869 /* GitHubRepositoryDetailModel.swift */ = {isa = PBXFileReference; fileEncoding = 4; lastKnownFileType = sourcecode.swift; name = GitHubRepositoryDetailModel.swift; path = Domain/Model/GitHubRepositoryDetailModel.swift; sourceTree = "<group>"; };
		10CF391C1E2BB1A200B6E869 /* CollectionExtension.swift */ = {isa = PBXFileReference; fileEncoding = 4; lastKnownFileType = sourcecode.swift; name = CollectionExtension.swift; path = Application/Extension/CollectionExtension.swift; sourceTree = "<group>"; };
		10CF391E1E2BCB4C00B6E869 /* Translator.swift */ = {isa = PBXFileReference; fileEncoding = 4; lastKnownFileType = sourcecode.swift; name = Translator.swift; path = Domain/Translator/Translator.swift; sourceTree = "<group>"; };
		10FF904C1E23BC9B0007F8D9 /* ObjectMapper.framework */ = {isa = PBXFileReference; lastKnownFileType = wrapper.framework; name = ObjectMapper.framework; path = Carthage/Build/iOS/ObjectMapper.framework; sourceTree = "<group>"; };
		10FF904D1E23BC9B0007F8D9 /* Result.framework */ = {isa = PBXFileReference; lastKnownFileType = wrapper.framework; name = Result.framework; path = Carthage/Build/iOS/Result.framework; sourceTree = "<group>"; };
		10FF90511E2672A00007F8D9 /* UIColorExtension.swift */ = {isa = PBXFileReference; fileEncoding = 4; lastKnownFileType = sourcecode.swift; name = UIColorExtension.swift; path = Application/Extension/UIColorExtension.swift; sourceTree = "<group>"; };
		10FF90531E29D3330007F8D9 /* ViewControllerBuilder.swift */ = {isa = PBXFileReference; fileEncoding = 4; lastKnownFileType = sourcecode.swift; name = ViewControllerBuilder.swift; path = Application/Builder/ViewControllerBuilder.swift; sourceTree = "<group>"; };
		10FF90551E29D5010007F8D9 /* Wireframe.swift */ = {isa = PBXFileReference; fileEncoding = 4; lastKnownFileType = sourcecode.swift; name = Wireframe.swift; path = Application/Wireframe/Wireframe.swift; sourceTree = "<group>"; };
/* End PBXFileReference section */

/* Begin PBXFrameworksBuildPhase section */
		1077776A1E1D3654004E3115 /* Frameworks */ = {
			isa = PBXFrameworksBuildPhase;
			buildActionMask = 2147483647;
			files = (
				10FF904E1E23BC9B0007F8D9 /* ObjectMapper.framework in Frameworks */,
				105518A71E23615000079648 /* Alamofire.framework in Frameworks */,
				105518A81E23615000079648 /* SwiftyJSON.framework in Frameworks */,
			);
			runOnlyForDeploymentPostprocessing = 0;
		};
/* End PBXFrameworksBuildPhase section */

/* Begin PBXGroup section */
		105518A21E235FFC00079648 /* Frameworks */ = {
			isa = PBXGroup;
			children = (
				10FF904C1E23BC9B0007F8D9 /* ObjectMapper.framework */,
				10FF904D1E23BC9B0007F8D9 /* Result.framework */,
				105518A31E235FFC00079648 /* Alamofire.framework */,
				105518A41E235FFC00079648 /* SwiftyJSON.framework */,
			);
			name = Frameworks;
			sourceTree = "<group>";
		};
		107777641E1D3654004E3115 = {
			isa = PBXGroup;
			children = (
				1077776F1E1D3654004E3115 /* ios-clean-architecture-sample */,
				1077776E1E1D3654004E3115 /* Products */,
				105518A21E235FFC00079648 /* Frameworks */,
			);
			sourceTree = "<group>";
		};
		1077776E1E1D3654004E3115 /* Products */ = {
			isa = PBXGroup;
			children = (
				1077776D1E1D3654004E3115 /* ios-clean-architecture-sample.app */,
			);
			name = Products;
			sourceTree = "<group>";
		};
		1077776F1E1D3654004E3115 /* ios-clean-architecture-sample */ = {
			isa = PBXGroup;
			children = (
				107777701E1D3654004E3115 /* AppDelegate.swift */,
				107777821E1D392A004E3115 /* Application */,
				107777831E1D3944004E3115 /* Presentation */,
				107777841E1D394C004E3115 /* Domain */,
				107777851E1D3952004E3115 /* Data */,
				107777861E1D3956004E3115 /* Util */,
				107777771E1D3654004E3115 /* Assets.xcassets */,
				107777791E1D3654004E3115 /* LaunchScreen.storyboard */,
				1077777C1E1D3654004E3115 /* Info.plist */,
			);
			path = "ios-clean-architecture-sample";
			sourceTree = "<group>";
		};
		107777821E1D392A004E3115 /* Application */ = {
			isa = PBXGroup;
			children = (
				107777881E1D3993004E3115 /* Builder */,
				107777871E1D398E004E3115 /* Wireframe */,
				10FF90501E2672820007F8D9 /* Extension */,
			);
			name = Application;
			sourceTree = "<group>";
		};
		107777831E1D3944004E3115 /* Presentation */ = {
			isa = PBXGroup;
			children = (
				1077778A1E1D39A0004E3115 /* Presenter */,
				107777891E1D399C004E3115 /* UI */,
			);
			name = Presentation;
			sourceTree = "<group>";
		};
		107777841E1D394C004E3115 /* Domain */ = {
			isa = PBXGroup;
			children = (
				1077778F1E1D39D7004E3115 /* UseCase */,
				107777901E1D39DD004E3115 /* Translator */,
				107777911E1D39E2004E3115 /* Model */,
				107777921E1D39EB004E3115 /* Entity */,
			);
			name = Domain;
			sourceTree = "<group>";
		};
		107777851E1D3952004E3115 /* Data */ = {
			isa = PBXGroup;
			children = (
				107777941E1D39FA004E3115 /* Network */,
				1077778E1E1D39D0004E3115 /* Repository */,
				107777931E1D39F5004E3115 /* DataStore */,
			);
			name = Data;
			sourceTree = "<group>";
		};
		107777861E1D3956004E3115 /* Util */ = {
			isa = PBXGroup;
			children = (
			);
			name = Util;
			sourceTree = "<group>";
		};
		107777871E1D398E004E3115 /* Wireframe */ = {
			isa = PBXGroup;
			children = (
				10FF90551E29D5010007F8D9 /* Wireframe.swift */,
				10B580EE1E27479100C328E9 /* GitHubRepositoryWireframe.swift */,
			);
			name = Wireframe;
			sourceTree = "<group>";
		};
		107777881E1D3993004E3115 /* Builder */ = {
			isa = PBXGroup;
			children = (
				10FF90531E29D3330007F8D9 /* ViewControllerBuilder.swift */,
				105518661E2129C300079648 /* GitHubRepositoryTableViewControllerBuilder.swift */,
				101ED3901E24BDD200413B9E /* GitHubRepositoryDetailViewControllerBuilder.swift */,
			);
			name = Builder;
			sourceTree = "<group>";
		};
		107777891E1D399C004E3115 /* UI */ = {
			isa = PBXGroup;
			children = (
				1077778D1E1D39C2004E3115 /* View */,
				1077778B1E1D39B7004E3115 /* ViewController */,
			);
			name = UI;
			sourceTree = "<group>";
		};
		1077778A1E1D39A0004E3115 /* Presenter */ = {
			isa = PBXGroup;
			children = (
				1055186C1E2211CE00079648 /* GitHubRepositoryPresenter.swift */,
				10CF39181E2BACBA00B6E869 /* GitHubRepositoryDetailPresenter.swift */,
			);
			name = Presenter;
			sourceTree = "<group>";
		};
		1077778B1E1D39B7004E3115 /* ViewController */ = {
			isa = PBXGroup;
			children = (
				105518641E21291300079648 /* GitHubRepositoryTableViewController.swift */,
				101ED38C1E24BC1D00413B9E /* GitHubRepositoryDetailViewController.swift */,
			);
			name = ViewController;
			sourceTree = "<group>";
		};
		1077778C1E1D39BE004E3115 /* Cell */ = {
			isa = PBXGroup;
			children = (
				105518961E227C0100079648 /* GitHubRepositoryTableViewCell.swift */,
				1093DEAA1E2BA70000DD806B /* GitHubRepositoryDetailViewCell.swift */,
			);
			name = Cell;
			sourceTree = "<group>";
		};
		1077778D1E1D39C2004E3115 /* View */ = {
			isa = PBXGroup;
			children = (
				1077778C1E1D39BE004E3115 /* Cell */,
				101ED3921E24BE3D00413B9E /* GitHubRepositoryDetailHeaderView.swift */,
				101ED3941E24BF6500413B9E /* GitHubRepositoryDetailHeaderLabelView.swift */,
			);
			name = View;
			sourceTree = "<group>";
		};
		1077778E1E1D39D0004E3115 /* Repository */ = {
			isa = PBXGroup;
			children = (
				105518981E227C1F00079648 /* GitHubRepositoryRepository.swift */,
				10CF39141E2BAB4600B6E869 /* GitHubRepositoryDetailRepository.swift */,
			);
			name = Repository;
			sourceTree = "<group>";
		};
		1077778F1E1D39D7004E3115 /* UseCase */ = {
			isa = PBXGroup;
			children = (
				1055189E1E227DC200079648 /* GitHubRepositoryUseCase.swift */,
				10CF39121E2BAA8600B6E869 /* GitHubRepositoryDetailUseCase.swift */,
			);
			name = UseCase;
			sourceTree = "<group>";
		};
		107777901E1D39DD004E3115 /* Translator */ = {
			isa = PBXGroup;
			children = (
				105518A01E227E4A00079648 /* GitHubRepositoryTranslator.swift */,
				10CF391E1E2BCB4C00B6E869 /* Translator.swift */,
			);
			name = Translator;
			sourceTree = "<group>";
		};
		107777911E1D39E2004E3115 /* Model */ = {
			isa = PBXGroup;
			children = (
				105518681E21F7E000079648 /* GitHubRepositoriesModel.swift */,
				10CF391A1E2BAF3200B6E869 /* GitHubRepositoryDetailModel.swift */,
			);
			name = Model;
			sourceTree = "<group>";
		};
		107777921E1D39EB004E3115 /* Entity */ = {
			isa = PBXGroup;
			children = (
				1055189A1E227C3A00079648 /* GitHubRepositoryEntity.swift */,
			);
			name = Entity;
			sourceTree = "<group>";
		};
		107777931E1D39F5004E3115 /* DataStore */ = {
			isa = PBXGroup;
			children = (
				105518721E2219AE00079648 /* GitHubRepositoryDataStore.swift */,
				10CF39161E2BABFE00B6E869 /* GitHubRepositoryDetailDataStore.swift */,
			);
			name = DataStore;
			sourceTree = "<group>";
		};
		107777941E1D39FA004E3115 /* Network */ = {
			isa = PBXGroup;
			children = (
				105518AA1E2388E600079648 /* GitHubAPIClient.swift */,
			);
			name = Network;
			sourceTree = "<group>";
		};
		10FF90501E2672820007F8D9 /* Extension */ = {
			isa = PBXGroup;
			children = (
				10FF90511E2672A00007F8D9 /* UIColorExtension.swift */,
				10CF391C1E2BB1A200B6E869 /* CollectionExtension.swift */,
			);
			name = Extension;
			sourceTree = "<group>";
		};
/* End PBXGroup section */

/* Begin PBXNativeTarget section */
		1077776C1E1D3654004E3115 /* ios-clean-architecture-sample */ = {
			isa = PBXNativeTarget;
			buildConfigurationList = 1077777F1E1D3654004E3115 /* Build configuration list for PBXNativeTarget "ios-clean-architecture-sample" */;
			buildPhases = (
				107777691E1D3654004E3115 /* Sources */,
				1077776A1E1D3654004E3115 /* Frameworks */,
				1077776B1E1D3654004E3115 /* Resources */,
				105518A91E23655400079648 /* ShellScript */,
			);
			buildRules = (
			);
			dependencies = (
			);
			name = "ios-clean-architecture-sample";
			productName = "ios-clean-architecture-sample";
			productReference = 1077776D1E1D3654004E3115 /* ios-clean-architecture-sample.app */;
			productType = "com.apple.product-type.application";
		};
/* End PBXNativeTarget section */

/* Begin PBXProject section */
		107777651E1D3654004E3115 /* Project object */ = {
			isa = PBXProject;
			attributes = {
				LastSwiftUpdateCheck = 0810;
				LastUpgradeCheck = 0810;
				ORGANIZATIONNAME = KAGE;
				TargetAttributes = {
					1077776C1E1D3654004E3115 = {
						CreatedOnToolsVersion = 8.1;
						ProvisioningStyle = Automatic;
					};
				};
			};
			buildConfigurationList = 107777681E1D3654004E3115 /* Build configuration list for PBXProject "ios-clean-architecture-sample" */;
			compatibilityVersion = "Xcode 3.2";
			developmentRegion = English;
			hasScannedForEncodings = 0;
			knownRegions = (
				en,
				Base,
			);
			mainGroup = 107777641E1D3654004E3115;
			productRefGroup = 1077776E1E1D3654004E3115 /* Products */;
			projectDirPath = "";
			projectRoot = "";
			targets = (
				1077776C1E1D3654004E3115 /* ios-clean-architecture-sample */,
			);
		};
/* End PBXProject section */

/* Begin PBXResourcesBuildPhase section */
		1077776B1E1D3654004E3115 /* Resources */ = {
			isa = PBXResourcesBuildPhase;
			buildActionMask = 2147483647;
			files = (
				1077777B1E1D3654004E3115 /* LaunchScreen.storyboard in Resources */,
				107777781E1D3654004E3115 /* Assets.xcassets in Resources */,
			);
			runOnlyForDeploymentPostprocessing = 0;
		};
/* End PBXResourcesBuildPhase section */

/* Begin PBXShellScriptBuildPhase section */
		105518A91E23655400079648 /* ShellScript */ = {
			isa = PBXShellScriptBuildPhase;
			buildActionMask = 2147483647;
			files = (
			);
			inputPaths = (
				"$(SRCROOT)/Carthage/Build/iOS/Alamofire.framework",
				"$(SRCROOT)/Carthage/Build/iOS/SwiftyJSON.framework",
				"$(SRCROOT)/Carthage/Build/iOS/ObjectMapper.framework",
			);
			outputPaths = (
			);
			runOnlyForDeploymentPostprocessing = 0;
			shellPath = /bin/sh;
			shellScript = "/usr/local/bin/carthage copy-frameworks\n";
		};
/* End PBXShellScriptBuildPhase section */

/* Begin PBXSourcesBuildPhase section */
		107777691E1D3654004E3115 /* Sources */ = {
			isa = PBXSourcesBuildPhase;
			buildActionMask = 2147483647;
			files = (
				10FF90561E29D5010007F8D9 /* Wireframe.swift in Sources */,
				10FF90541E29D3330007F8D9 /* ViewControllerBuilder.swift in Sources */,
				10FF90521E2672A00007F8D9 /* UIColorExtension.swift in Sources */,
				101ED3951E24BF6500413B9E /* GitHubRepositoryDetailHeaderLabelView.swift in Sources */,
				101ED3911E24BDD200413B9E /* GitHubRepositoryDetailViewControllerBuilder.swift in Sources */,
				10CF39171E2BABFE00B6E869 /* GitHubRepositoryDetailDataStore.swift in Sources */,
				10B580EF1E27479100C328E9 /* GitHubRepositoryWireframe.swift in Sources */,
				10CF39191E2BACBA00B6E869 /* GitHubRepositoryDetailPresenter.swift in Sources */,
				105518A11E227E4A00079648 /* GitHubRepositoryTranslator.swift in Sources */,
				105518651E21291300079648 /* GitHubRepositoryTableViewController.swift in Sources */,
				105518671E2129C300079648 /* GitHubRepositoryTableViewControllerBuilder.swift in Sources */,
				1055189F1E227DC200079648 /* GitHubRepositoryUseCase.swift in Sources */,
				1055186D1E2211CE00079648 /* GitHubRepositoryPresenter.swift in Sources */,
				10CF391F1E2BCB4C00B6E869 /* Translator.swift in Sources */,
				107777711E1D3654004E3115 /* AppDelegate.swift in Sources */,
				10CF391D1E2BB1A200B6E869 /* CollectionExtension.swift in Sources */,
				105518991E227C1F00079648 /* GitHubRepositoryRepository.swift in Sources */,
				1055189B1E227C3A00079648 /* GitHubRepositoryEntity.swift in Sources */,
				1093DEAB1E2BA70000DD806B /* GitHubRepositoryDetailViewCell.swift in Sources */,
				101ED38D1E24BC1D00413B9E /* GitHubRepositoryDetailViewController.swift in Sources */,
				105518AB1E2388E600079648 /* GitHubAPIClient.swift in Sources */,
				10CF391B1E2BAF3200B6E869 /* GitHubRepositoryDetailModel.swift in Sources */,
				101ED3931E24BE3D00413B9E /* GitHubRepositoryDetailHeaderView.swift in Sources */,
				105518971E227C0100079648 /* GitHubRepositoryTableViewCell.swift in Sources */,
				105518731E2219AE00079648 /* GitHubRepositoryDataStore.swift in Sources */,
				10CF39151E2BAB4600B6E869 /* GitHubRepositoryDetailRepository.swift in Sources */,
				105518691E21F7E000079648 /* GitHubRepositoriesModel.swift in Sources */,
				10CF39131E2BAA8600B6E869 /* GitHubRepositoryDetailUseCase.swift in Sources */,
			);
			runOnlyForDeploymentPostprocessing = 0;
		};
/* End PBXSourcesBuildPhase section */

/* Begin PBXVariantGroup section */
		107777791E1D3654004E3115 /* LaunchScreen.storyboard */ = {
			isa = PBXVariantGroup;
			children = (
				1077777A1E1D3654004E3115 /* Base */,
			);
			name = LaunchScreen.storyboard;
			sourceTree = "<group>";
		};
/* End PBXVariantGroup section */

/* Begin XCBuildConfiguration section */
		1077777D1E1D3654004E3115 /* Debug */ = {
			isa = XCBuildConfiguration;
			buildSettings = {
				ALWAYS_SEARCH_USER_PATHS = NO;
				CLANG_ANALYZER_NONNULL = YES;
				CLANG_CXX_LANGUAGE_STANDARD = "gnu++0x";
				CLANG_CXX_LIBRARY = "libc++";
				CLANG_ENABLE_MODULES = YES;
				CLANG_ENABLE_OBJC_ARC = YES;
				CLANG_WARN_BOOL_CONVERSION = YES;
				CLANG_WARN_CONSTANT_CONVERSION = YES;
				CLANG_WARN_DIRECT_OBJC_ISA_USAGE = YES_ERROR;
				CLANG_WARN_DOCUMENTATION_COMMENTS = YES;
				CLANG_WARN_EMPTY_BODY = YES;
				CLANG_WARN_ENUM_CONVERSION = YES;
				CLANG_WARN_INFINITE_RECURSION = YES;
				CLANG_WARN_INT_CONVERSION = YES;
				CLANG_WARN_OBJC_ROOT_CLASS = YES_ERROR;
				CLANG_WARN_SUSPICIOUS_MOVES = YES;
				CLANG_WARN_UNREACHABLE_CODE = YES;
				CLANG_WARN__DUPLICATE_METHOD_MATCH = YES;
				"CODE_SIGN_IDENTITY[sdk=iphoneos*]" = "iPhone Developer";
				COPY_PHASE_STRIP = NO;
				DEBUG_INFORMATION_FORMAT = dwarf;
				ENABLE_STRICT_OBJC_MSGSEND = YES;
				ENABLE_TESTABILITY = YES;
				GCC_C_LANGUAGE_STANDARD = gnu99;
				GCC_DYNAMIC_NO_PIC = NO;
				GCC_NO_COMMON_BLOCKS = YES;
				GCC_OPTIMIZATION_LEVEL = 0;
				GCC_PREPROCESSOR_DEFINITIONS = (
					"DEBUG=1",
					"$(inherited)",
				);
				GCC_WARN_64_TO_32_BIT_CONVERSION = YES;
				GCC_WARN_ABOUT_RETURN_TYPE = YES_ERROR;
				GCC_WARN_UNDECLARED_SELECTOR = YES;
				GCC_WARN_UNINITIALIZED_AUTOS = YES_AGGRESSIVE;
				GCC_WARN_UNUSED_FUNCTION = YES;
				GCC_WARN_UNUSED_VARIABLE = YES;
				IPHONEOS_DEPLOYMENT_TARGET = 10.1;
				MTL_ENABLE_DEBUG_INFO = YES;
				ONLY_ACTIVE_ARCH = YES;
				SDKROOT = iphoneos;
				SWIFT_ACTIVE_COMPILATION_CONDITIONS = DEBUG;
				SWIFT_OPTIMIZATION_LEVEL = "-Onone";
			};
			name = Debug;
		};
		1077777E1E1D3654004E3115 /* Release */ = {
			isa = XCBuildConfiguration;
			buildSettings = {
				ALWAYS_SEARCH_USER_PATHS = NO;
				CLANG_ANALYZER_NONNULL = YES;
				CLANG_CXX_LANGUAGE_STANDARD = "gnu++0x";
				CLANG_CXX_LIBRARY = "libc++";
				CLANG_ENABLE_MODULES = YES;
				CLANG_ENABLE_OBJC_ARC = YES;
				CLANG_WARN_BOOL_CONVERSION = YES;
				CLANG_WARN_CONSTANT_CONVERSION = YES;
				CLANG_WARN_DIRECT_OBJC_ISA_USAGE = YES_ERROR;
				CLANG_WARN_DOCUMENTATION_COMMENTS = YES;
				CLANG_WARN_EMPTY_BODY = YES;
				CLANG_WARN_ENUM_CONVERSION = YES;
				CLANG_WARN_INFINITE_RECURSION = YES;
				CLANG_WARN_INT_CONVERSION = YES;
				CLANG_WARN_OBJC_ROOT_CLASS = YES_ERROR;
				CLANG_WARN_SUSPICIOUS_MOVES = YES;
				CLANG_WARN_UNREACHABLE_CODE = YES;
				CLANG_WARN__DUPLICATE_METHOD_MATCH = YES;
				"CODE_SIGN_IDENTITY[sdk=iphoneos*]" = "iPhone Developer";
				COPY_PHASE_STRIP = NO;
				DEBUG_INFORMATION_FORMAT = "dwarf-with-dsym";
				ENABLE_NS_ASSERTIONS = NO;
				ENABLE_STRICT_OBJC_MSGSEND = YES;
				GCC_C_LANGUAGE_STANDARD = gnu99;
				GCC_NO_COMMON_BLOCKS = YES;
				GCC_WARN_64_TO_32_BIT_CONVERSION = YES;
				GCC_WARN_ABOUT_RETURN_TYPE = YES_ERROR;
				GCC_WARN_UNDECLARED_SELECTOR = YES;
				GCC_WARN_UNINITIALIZED_AUTOS = YES_AGGRESSIVE;
				GCC_WARN_UNUSED_FUNCTION = YES;
				GCC_WARN_UNUSED_VARIABLE = YES;
				IPHONEOS_DEPLOYMENT_TARGET = 10.1;
				MTL_ENABLE_DEBUG_INFO = NO;
				SDKROOT = iphoneos;
				SWIFT_OPTIMIZATION_LEVEL = "-Owholemodule";
				VALIDATE_PRODUCT = YES;
			};
			name = Release;
		};
		107777801E1D3654004E3115 /* Debug */ = {
			isa = XCBuildConfiguration;
			buildSettings = {
				ASSETCATALOG_COMPILER_APPICON_NAME = AppIcon;
				FRAMEWORK_SEARCH_PATHS = (
					"$(inherited)",
					"$(PROJECT_DIR)/Carthage/Build/iOS",
				);
				INFOPLIST_FILE = "ios-clean-architecture-sample/Info.plist";
				LD_RUNPATH_SEARCH_PATHS = "$(inherited) @executable_path/Frameworks";
				PRODUCT_BUNDLE_IDENTIFIER = "com.kagemiku.ios-clean-architecture-sample";
				PRODUCT_NAME = "$(TARGET_NAME)";
				SWIFT_VERSION = 3.0;
			};
			name = Debug;
		};
		107777811E1D3654004E3115 /* Release */ = {
			isa = XCBuildConfiguration;
			buildSettings = {
				ASSETCATALOG_COMPILER_APPICON_NAME = AppIcon;
				FRAMEWORK_SEARCH_PATHS = (
					"$(inherited)",
					"$(PROJECT_DIR)/Carthage/Build/iOS",
				);
				INFOPLIST_FILE = "ios-clean-architecture-sample/Info.plist";
				LD_RUNPATH_SEARCH_PATHS = "$(inherited) @executable_path/Frameworks";
				PRODUCT_BUNDLE_IDENTIFIER = "com.kagemiku.ios-clean-architecture-sample";
				PRODUCT_NAME = "$(TARGET_NAME)";
				SWIFT_VERSION = 3.0;
			};
			name = Release;
		};
/* End XCBuildConfiguration section */

/* Begin XCConfigurationList section */
		107777681E1D3654004E3115 /* Build configuration list for PBXProject "ios-clean-architecture-sample" */ = {
			isa = XCConfigurationList;
			buildConfigurations = (
				1077777D1E1D3654004E3115 /* Debug */,
				1077777E1E1D3654004E3115 /* Release */,
			);
			defaultConfigurationIsVisible = 0;
			defaultConfigurationName = Release;
		};
		1077777F1E1D3654004E3115 /* Build configuration list for PBXNativeTarget "ios-clean-architecture-sample" */ = {
			isa = XCConfigurationList;
			buildConfigurations = (
				107777801E1D3654004E3115 /* Debug */,
				107777811E1D3654004E3115 /* Release */,
			);
			defaultConfigurationIsVisible = 0;
			defaultConfigurationName = Release;
		};
/* End XCConfigurationList section */
	};
	rootObject = 107777651E1D3654004E3115 /* Project object */;
}
